PODS:
  - pop (1.0.9)
  - RxCocoa (2.5.0):
    - RxSwift (~> 2.5)
  - RxSwift (2.5.0)

DEPENDENCIES:
  - pop
  - RxCocoa (~> 2.5.0)
  - RxSwift (~> 2.5.0)

SPEC CHECKSUMS:
  pop: f667631a5108a2e60d9e8797c9b32ddaf2080bce
  RxCocoa: e1b1562e57a554d0fb2aabf9d71b637f177257c7
  RxSwift: 402b41a50e922a0368fc14cb3bc9f4427920e8ae

COCOAPODS: 0.39.0
