// !$*UTF8*$!
{
	archiveVersion = 1;
	classes = {
	};
	objectVersion = 46;
	objects = {

/* Begin PBXBuildFile section */
		2A38714B238D31A103DBDDDE /* Pods_RxLearning.framework in Frameworks */ = {isa = PBXBuildFile; fileRef = 1D687BFF2F50CFE8C495166B /* Pods_RxLearning.framework */; };
		A17BFEEB1D83B6C200C6AECF /* AppDelegate.swift in Sources */ = {isa = PBXBuildFile; fileRef = A17BFEEA1D83B6C200C6AECF /* AppDelegate.swift */; };
		A17BFEED1D83B6C200C6AECF /* ViewController.swift in Sources */ = {isa = PBXBuildFile; fileRef = A17BFEEC1D83B6C200C6AECF /* ViewController.swift */; };
		A17BFEF01D83B6C200C6AECF /* Main.storyboard in Resources */ = {isa = PBXBuildFile; fileRef = A17BFEEE1D83B6C200C6AECF /* Main.storyboard */; };
		A17BFEF21D83B6C200C6AECF /* Assets.xcassets in Resources */ = {isa = PBXBuildFile; fileRef = A17BFEF11D83B6C200C6AECF /* Assets.xcassets */; };
		A17BFEF51D83B6C200C6AECF /* LaunchScreen.storyboard in Resources */ = {isa = PBXBuildFile; fileRef = A17BFEF31D83B6C200C6AECF /* LaunchScreen.storyboard */; };
		A17BFEFE1D83BF7C00C6AECF /* RxController.swift in Sources */ = {isa = PBXBuildFile; fileRef = A17BFEFD1D83BF7C00C6AECF /* RxController.swift */; };
/* End PBXBuildFile section */

/* Begin PBXFileReference section */
		13E160AA3F03C86A2BA64685 /* Pods-RxLearning.debug.xcconfig */ = {isa = PBXFileReference; includeInIndex = 1; lastKnownFileType = text.xcconfig; name = "Pods-RxLearning.debug.xcconfig"; path = "Pods/Target Support Files/Pods-RxLearning/Pods-RxLearning.debug.xcconfig"; sourceTree = "<group>"; };
		1D687BFF2F50CFE8C495166B /* Pods_RxLearning.framework */ = {isa = PBXFileReference; explicitFileType = wrapper.framework; includeInIndex = 0; path = Pods_RxLearning.framework; sourceTree = BUILT_PRODUCTS_DIR; };
		206956464A458D590474D54B /* Pods-RxLearning.release.xcconfig */ = {isa = PBXFileReference; includeInIndex = 1; lastKnownFileType = text.xcconfig; name = "Pods-RxLearning.release.xcconfig"; path = "Pods/Target Support Files/Pods-RxLearning/Pods-RxLearning.release.xcconfig"; sourceTree = "<group>"; };
		A17BFEE71D83B6C200C6AECF /* RxLearning.app */ = {isa = PBXFileReference; explicitFileType = wrapper.application; includeInIndex = 0; path = RxLearning.app; sourceTree = BUILT_PRODUCTS_DIR; };
		A17BFEEA1D83B6C200C6AECF /* AppDelegate.swift */ = {isa = PBXFileReference; lastKnownFileType = sourcecode.swift; path = AppDelegate.swift; sourceTree = "<group>"; };
		A17BFEEC1D83B6C200C6AECF /* ViewController.swift */ = {isa = PBXFileReference; lastKnownFileType = sourcecode.swift; path = ViewController.swift; sourceTree = "<group>"; };
		A17BFEEF1D83B6C200C6AECF /* Base */ = {isa = PBXFileReference; lastKnownFileType = file.storyboard; name = Base; path = Base.lproj/Main.storyboard; sourceTree = "<group>"; };
		A17BFEF11D83B6C200C6AECF /* Assets.xcassets */ = {isa = PBXFileReference; lastKnownFileType = folder.assetcatalog; path = Assets.xcassets; sourceTree = "<group>"; };
		A17BFEF41D83B6C200C6AECF /* Base */ = {isa = PBXFileReference; lastKnownFileType = file.storyboard; name = Base; path = Base.lproj/LaunchScreen.storyboard; sourceTree = "<group>"; };
		A17BFEF61D83B6C200C6AECF /* Info.plist */ = {isa = PBXFileReference; lastKnownFileType = text.plist.xml; path = Info.plist; sourceTree = "<group>"; };
		A17BFEFD1D83BF7C00C6AECF /* RxController.swift */ = {isa = PBXFileReference; fileEncoding = 4; lastKnownFileType = sourcecode.swift; path = RxController.swift; sourceTree = "<group>"; };
/* End PBXFileReference section */

/* Begin PBXFrameworksBuildPhase section */
		A17BFEE41D83B6C200C6AECF /* Frameworks */ = {
			isa = PBXFrameworksBuildPhase;
			buildActionMask = 2147483647;
			files = (
				2A38714B238D31A103DBDDDE /* Pods_RxLearning.framework in Frameworks */,
			);
			runOnlyForDeploymentPostprocessing = 0;
		};
/* End PBXFrameworksBuildPhase section */

/* Begin PBXGroup section */
		35A6E8BB95F4FEF5BA1F24E7 /* Frameworks */ = {
			isa = PBXGroup;
			children = (
				1D687BFF2F50CFE8C495166B /* Pods_RxLearning.framework */,
			);
			name = Frameworks;
			sourceTree = "<group>";
		};
		6C016A0D92213072B50164E7 /* Pods */ = {
			isa = PBXGroup;
			children = (
				13E160AA3F03C86A2BA64685 /* Pods-RxLearning.debug.xcconfig */,
				206956464A458D590474D54B /* Pods-RxLearning.release.xcconfig */,
			);
			name = Pods;
			sourceTree = "<group>";
		};
		A17BFEDE1D83B6C200C6AECF = {
			isa = PBXGroup;
			children = (
				A17BFEE91D83B6C200C6AECF /* RxLearning */,
				A17BFEE81D83B6C200C6AECF /* Products */,
				6C016A0D92213072B50164E7 /* Pods */,
				35A6E8BB95F4FEF5BA1F24E7 /* Frameworks */,
			);
			sourceTree = "<group>";
		};
		A17BFEE81D83B6C200C6AECF /* Products */ = {
			isa = PBXGroup;
			children = (
				A17BFEE71D83B6C200C6AECF /* RxLearning.app */,
			);
			name = Products;
			sourceTree = "<group>";
		};
		A17BFEE91D83B6C200C6AECF /* RxLearning */ = {
			isa = PBXGroup;
			children = (
				A17BFEFC1D83BB4100C6AECF /* demos */,
				A17BFEEA1D83B6C200C6AECF /* AppDelegate.swift */,
				A17BFEEC1D83B6C200C6AECF /* ViewController.swift */,
				A17BFEEE1D83B6C200C6AECF /* Main.storyboard */,
				A17BFEF11D83B6C200C6AECF /* Assets.xcassets */,
				A17BFEF31D83B6C200C6AECF /* LaunchScreen.storyboard */,
				A17BFEF61D83B6C200C6AECF /* Info.plist */,
				A17BFEFD1D83BF7C00C6AECF /* RxController.swift */,
			);
			path = RxLearning;
			sourceTree = "<group>";
		};
		A17BFEFC1D83BB4100C6AECF /* demos */ = {
			isa = PBXGroup;
			children = (
			);
			name = demos;
			sourceTree = "<group>";
		};
/* End PBXGroup section */

/* Begin PBXNativeTarget section */
		A17BFEE61D83B6C200C6AECF /* RxLearning */ = {
			isa = PBXNativeTarget;
			buildConfigurationList = A17BFEF91D83B6C200C6AECF /* Build configuration list for PBXNativeTarget "RxLearning" */;
			buildPhases = (
				F6C0A8B0EB856645B7477CAA /* Check Pods Manifest.lock */,
				A17BFEE31D83B6C200C6AECF /* Sources */,
				A17BFEE41D83B6C200C6AECF /* Frameworks */,
				A17BFEE51D83B6C200C6AECF /* Resources */,
				49851F863328C2DDB022095B /* Embed Pods Frameworks */,
				B55DA4FDC717410550E8DC3B /* Copy Pods Resources */,
			);
			buildRules = (
			);
			dependencies = (
			);
			name = RxLearning;
			productName = RxLearning;
			productReference = A17BFEE71D83B6C200C6AECF /* RxLearning.app */;
			productType = "com.apple.product-type.application";
		};
/* End PBXNativeTarget section */

/* Begin PBXProject section */
		A17BFEDF1D83B6C200C6AECF /* Project object */ = {
			isa = PBXProject;
			attributes = {
				LastSwiftUpdateCheck = 0730;
				LastUpgradeCheck = 0730;
				ORGANIZATIONNAME = jasonleecom.lxc.rx;
				TargetAttributes = {
					A17BFEE61D83B6C200C6AECF = {
						CreatedOnToolsVersion = 7.3.1;
					};
				};
			};
			buildConfigurationList = A17BFEE21D83B6C200C6AECF /* Build configuration list for PBXProject "RxLearning" */;
			compatibilityVersion = "Xcode 3.2";
			developmentRegion = English;
			hasScannedForEncodings = 0;
			knownRegions = (
				en,
				Base,
			);
			mainGroup = A17BFEDE1D83B6C200C6AECF;
			productRefGroup = A17BFEE81D83B6C200C6AECF /* Products */;
			projectDirPath = "";
			projectRoot = "";
			targets = (
				A17BFEE61D83B6C200C6AECF /* RxLearning */,
			);
		};
/* End PBXProject section */

/* Begin PBXResourcesBuildPhase section */
		A17BFEE51D83B6C200C6AECF /* Resources */ = {
			isa = PBXResourcesBuildPhase;
			buildActionMask = 2147483647;
			files = (
				A17BFEF51D83B6C200C6AECF /* LaunchScreen.storyboard in Resources */,
				A17BFEF21D83B6C200C6AECF /* Assets.xcassets in Resources */,
				A17BFEF01D83B6C200C6AECF /* Main.storyboard in Resources */,
			);
			runOnlyForDeploymentPostprocessing = 0;
		};
/* End PBXResourcesBuildPhase section */

/* Begin PBXShellScriptBuildPhase section */
		49851F863328C2DDB022095B /* Embed Pods Frameworks */ = {
			isa = PBXShellScriptBuildPhase;
			buildActionMask = 2147483647;
			files = (
			);
			inputPaths = (
			);
			name = "Embed Pods Frameworks";
			outputPaths = (
			);
			runOnlyForDeploymentPostprocessing = 0;
			shellPath = /bin/sh;
			shellScript = "\"${SRCROOT}/Pods/Target Support Files/Pods-RxLearning/Pods-RxLearning-frameworks.sh\"\n";
			showEnvVarsInLog = 0;
		};
		B55DA4FDC717410550E8DC3B /* Copy Pods Resources */ = {
			isa = PBXShellScriptBuildPhase;
			buildActionMask = 2147483647;
			files = (
			);
			inputPaths = (
			);
			name = "Copy Pods Resources";
			outputPaths = (
			);
			runOnlyForDeploymentPostprocessing = 0;
			shellPath = /bin/sh;
			shellScript = "\"${SRCROOT}/Pods/Target Support Files/Pods-RxLearning/Pods-RxLearning-resources.sh\"\n";
			showEnvVarsInLog = 0;
		};
		F6C0A8B0EB856645B7477CAA /* Check Pods Manifest.lock */ = {
			isa = PBXShellScriptBuildPhase;
			buildActionMask = 2147483647;
			files = (
			);
			inputPaths = (
			);
			name = "Check Pods Manifest.lock";
			outputPaths = (
			);
			runOnlyForDeploymentPostprocessing = 0;
			shellPath = /bin/sh;
			shellScript = "diff \"${PODS_ROOT}/../Podfile.lock\" \"${PODS_ROOT}/Manifest.lock\" > /dev/null\nif [[ $? != 0 ]] ; then\n    cat << EOM\nerror: The sandbox is not in sync with the Podfile.lock. Run 'pod install' or update your CocoaPods installation.\nEOM\n    exit 1\nfi\n";
			showEnvVarsInLog = 0;
		};
/* End PBXShellScriptBuildPhase section */

/* Begin PBXSourcesBuildPhase section */
		A17BFEE31D83B6C200C6AECF /* Sources */ = {
			isa = PBXSourcesBuildPhase;
			buildActionMask = 2147483647;
			files = (
				A17BFEED1D83B6C200C6AECF /* ViewController.swift in Sources */,
				A17BFEFE1D83BF7C00C6AECF /* RxController.swift in Sources */,
				A17BFEEB1D83B6C200C6AECF /* AppDelegate.swift in Sources */,
			);
			runOnlyForDeploymentPostprocessing = 0;
		};
/* End PBXSourcesBuildPhase section */

/* Begin PBXVariantGroup section */
		A17BFEEE1D83B6C200C6AECF /* Main.storyboard */ = {
			isa = PBXVariantGroup;
			children = (
				A17BFEEF1D83B6C200C6AECF /* Base */,
			);
			name = Main.storyboard;
			sourceTree = "<group>";
		};
		A17BFEF31D83B6C200C6AECF /* LaunchScreen.storyboard */ = {
			isa = PBXVariantGroup;
			children = (
				A17BFEF41D83B6C200C6AECF /* Base */,
			);
			name = LaunchScreen.storyboard;
			sourceTree = "<group>";
		};
/* End PBXVariantGroup section */

/* Begin XCBuildConfiguration section */
		A17BFEF71D83B6C200C6AECF /* Debug */ = {
			isa = XCBuildConfiguration;
			buildSettings = {
				ALWAYS_SEARCH_USER_PATHS = NO;
				CLANG_ANALYZER_NONNULL = YES;
				CLANG_CXX_LANGUAGE_STANDARD = "gnu++0x";
				CLANG_CXX_LIBRARY = "libc++";
				CLANG_ENABLE_MODULES = YES;
				CLANG_ENABLE_OBJC_ARC = YES;
				CLANG_WARN_BOOL_CONVERSION = YES;
				CLANG_WARN_CONSTANT_CONVERSION = YES;
				CLANG_WARN_DIRECT_OBJC_ISA_USAGE = YES_ERROR;
				CLANG_WARN_EMPTY_BODY = YES;
				CLANG_WARN_ENUM_CONVERSION = YES;
				CLANG_WARN_INT_CONVERSION = YES;
				CLANG_WARN_OBJC_ROOT_CLASS = YES_ERROR;
				CLANG_WARN_UNREACHABLE_CODE = YES;
				CLANG_WARN__DUPLICATE_METHOD_MATCH = YES;
				"CODE_SIGN_IDENTITY[sdk=iphoneos*]" = "iPhone Developer";
				COPY_PHASE_STRIP = NO;
				DEBUG_INFORMATION_FORMAT = dwarf;
				ENABLE_STRICT_OBJC_MSGSEND = YES;
				ENABLE_TESTABILITY = YES;
				GCC_C_LANGUAGE_STANDARD = gnu99;
				GCC_DYNAMIC_NO_PIC = NO;
				GCC_NO_COMMON_BLOCKS = YES;
				GCC_OPTIMIZATION_LEVEL = 0;
				GCC_PREPROCESSOR_DEFINITIONS = (
					"DEBUG=1",
					"$(inherited)",
				);
				GCC_WARN_64_TO_32_BIT_CONVERSION = YES;
				GCC_WARN_ABOUT_RETURN_TYPE = YES_ERROR;
				GCC_WARN_UNDECLARED_SELECTOR = YES;
				GCC_WARN_UNINITIALIZED_AUTOS = YES_AGGRESSIVE;
				GCC_WARN_UNUSED_FUNCTION = YES;
				GCC_WARN_UNUSED_VARIABLE = YES;
				IPHONEOS_DEPLOYMENT_TARGET = 9.3;
				MTL_ENABLE_DEBUG_INFO = YES;
				ONLY_ACTIVE_ARCH = YES;
				SDKROOT = iphoneos;
				SWIFT_OPTIMIZATION_LEVEL = "-Onone";
			};
			name = Debug;
		};
		A17BFEF81D83B6C200C6AECF /* Release */ = {
			isa = XCBuildConfiguration;
			buildSettings = {
				ALWAYS_SEARCH_USER_PATHS = NO;
				CLANG_ANALYZER_NONNULL = YES;
				CLANG_CXX_LANGUAGE_STANDARD = "gnu++0x";
				CLANG_CXX_LIBRARY = "libc++";
				CLANG_ENABLE_MODULES = YES;
				CLANG_ENABLE_OBJC_ARC = YES;
				CLANG_WARN_BOOL_CONVERSION = YES;
				CLANG_WARN_CONSTANT_CONVERSION = YES;
				CLANG_WARN_DIRECT_OBJC_ISA_USAGE = YES_ERROR;
				CLANG_WARN_EMPTY_BODY = YES;
				CLANG_WARN_ENUM_CONVERSION = YES;
				CLANG_WARN_INT_CONVERSION = YES;
				CLANG_WARN_OBJC_ROOT_CLASS = YES_ERROR;
				CLANG_WARN_UNREACHABLE_CODE = YES;
				CLANG_WARN__DUPLICATE_METHOD_MATCH = YES;
				"CODE_SIGN_IDENTITY[sdk=iphoneos*]" = "iPhone Developer";
				COPY_PHASE_STRIP = NO;
				DEBUG_INFORMATION_FORMAT = "dwarf-with-dsym";
				ENABLE_NS_ASSERTIONS = NO;
				ENABLE_STRICT_OBJC_MSGSEND = YES;
				GCC_C_LANGUAGE_STANDARD = gnu99;
				GCC_NO_COMMON_BLOCKS = YES;
				GCC_WARN_64_TO_32_BIT_CONVERSION = YES;
				GCC_WARN_ABOUT_RETURN_TYPE = YES_ERROR;
				GCC_WARN_UNDECLARED_SELECTOR = YES;
				GCC_WARN_UNINITIALIZED_AUTOS = YES_AGGRESSIVE;
				GCC_WARN_UNUSED_FUNCTION = YES;
				GCC_WARN_UNUSED_VARIABLE = YES;
				IPHONEOS_DEPLOYMENT_TARGET = 9.3;
				MTL_ENABLE_DEBUG_INFO = NO;
				SDKROOT = iphoneos;
				VALIDATE_PRODUCT = YES;
			};
			name = Release;
		};
		A17BFEFA1D83B6C200C6AECF /* Debug */ = {
			isa = XCBuildConfiguration;
			baseConfigurationReference = 13E160AA3F03C86A2BA64685 /* Pods-RxLearning.debug.xcconfig */;
			buildSettings = {
				ASSETCATALOG_COMPILER_APPICON_NAME = AppIcon;
				INFOPLIST_FILE = RxLearning/Info.plist;
				LD_RUNPATH_SEARCH_PATHS = "$(inherited) @executable_path/Frameworks";
				PRODUCT_BUNDLE_IDENTIFIER = com.lee.rx;
				PRODUCT_NAME = "$(TARGET_NAME)";
			};
			name = Debug;
		};
		A17BFEFB1D83B6C200C6AECF /* Release */ = {
			isa = XCBuildConfiguration;
			baseConfigurationReference = 206956464A458D590474D54B /* Pods-RxLearning.release.xcconfig */;
			buildSettings = {
				ASSETCATALOG_COMPILER_APPICON_NAME = AppIcon;
				INFOPLIST_FILE = RxLearning/Info.plist;
				LD_RUNPATH_SEARCH_PATHS = "$(inherited) @executable_path/Frameworks";
				PRODUCT_BUNDLE_IDENTIFIER = com.lee.rx;
				PRODUCT_NAME = "$(TARGET_NAME)";
			};
			name = Release;
		};
/* End XCBuildConfiguration section */

/* Begin XCConfigurationList section */
		A17BFEE21D83B6C200C6AECF /* Build configuration list for PBXProject "RxLearning" */ = {
			isa = XCConfigurationList;
			buildConfigurations = (
				A17BFEF71D83B6C200C6AECF /* Debug */,
				A17BFEF81D83B6C200C6AECF /* Release */,
			);
			defaultConfigurationIsVisible = 0;
			defaultConfigurationName = Release;
		};
		A17BFEF91D83B6C200C6AECF /* Build configuration list for PBXNativeTarget "RxLearning" */ = {
			isa = XCConfigurationList;
			buildConfigurations = (
				A17BFEFA1D83B6C200C6AECF /* Debug */,
				A17BFEFB1D83B6C200C6AECF /* Release */,
			);
			defaultConfigurationIsVisible = 0;
			defaultConfigurationName = Release;
		};
/* End XCConfigurationList section */
	};
	rootObject = A17BFEDF1D83B6C200C6AECF /* Project object */;
}
